
Microsoft Visual Studio Solution File, Format Version 12.00
# Visual Studio Version 17
VisualStudioVersion = 17.12.35728.132 d17.12
MinimumVisualStudioVersion = 10.0.40219.1
Project("{FAE04EC0-301F-11D3-BF4B-00C04F79EFBC}") = "AKM.Mart", "AKM.Mart\AKM.Mart.csproj", "{24B1C0E9-097F-4FB7-B87E-51968751E13B}"
EndProject
Project("{FAE04EC0-301F-11D3-BF4B-00C04F79EFBC}") = "DataBaseAccess", "DataBaseAccess\DataBaseAccess.csproj", "{EC6529D9-80C8-45CA-9096-2F827860F7AA}"
EndProject
Project("{FAE04EC0-301F-11D3-BF4B-00C04F79EFBC}") = "ModelClasses", "ModelClasses\ModelClasses.csproj", "{B0745369-3B41-4FEA-B317-4E4318F37A98}"
EndProject
Global
	GlobalSection(SolutionConfigurationPlatforms) = preSolution
		Debug|Any CPU = Debug|Any CPU
		Release|Any CPU = Release|Any CPU
	EndGlobalSection
	GlobalSection(ProjectConfigurationPlatforms) = postSolution
		{24B1C0E9-097F-4FB7-B87E-51968751E13B}.Debug|Any CPU.ActiveCfg = Debug|Any CPU
		{24B1C0E9-097F-4FB7-B87E-51968751E13B}.Debug|Any CPU.Build.0 = Debug|Any CPU
		{24B1C0E9-097F-4FB7-B87E-51968751E13B}.Release|Any CPU.ActiveCfg = Release|Any CPU
		{24B1C0E9-097F-4FB7-B87E-51968751E13B}.Release|Any CPU.Build.0 = Release|Any CPU
		{EC6529D9-80C8-45CA-9096-2F827860F7AA}.Debug|Any CPU.ActiveCfg = Debug|Any CPU
		{EC6529D9-80C8-45CA-9096-2F827860F7AA}.Debug|Any CPU.Build.0 = Debug|Any CPU
		{EC6529D9-80C8-45CA-9096-2F827860F7AA}.Release|Any CPU.ActiveCfg = Release|Any CPU
		{EC6529D9-80C8-45CA-9096-2F827860F7AA}.Release|Any CPU.Build.0 = Release|Any CPU
		{B0745369-3B41-4FEA-B317-4E4318F37A98}.Debug|Any CPU.ActiveCfg = Debug|Any CPU
		{B0745369-3B41-4FEA-B317-4E4318F37A98}.Debug|Any CPU.Build.0 = Debug|Any CPU
		{B0745369-3B41-4FEA-B317-4E4318F37A98}.Release|Any CPU.ActiveCfg = Release|Any CPU
		{B0745369-3B41-4FEA-B317-4E4318F37A98}.Release|Any CPU.Build.0 = Release|Any CPU
	EndGlobalSection
	GlobalSection(SolutionProperties) = preSolution
		HideSolutionNode = FALSE
	EndGlobalSection
EndGlobal
